
Microsoft Visual Studio Solution File, Format Version 12.00
# Visual Studio Version 17
VisualStudioVersion = 17.0.31903.59
MinimumVisualStudioVersion = 10.0.40219.1
Project("{FAE04EC0-301F-11D3-BF4B-00C04F79EFBC}") = "WaySpot.Core", "WaySpot.Core\WaySpot.Core.csproj", "{5E056F8D-DB76-4B9D-AF03-20BDCE1363B9}"
EndProject
Project("{FAE04EC0-301F-11D3-BF4B-00C04F79EFBC}") = "WaySpot.Infrastructure", "WaySpot.Infrastructure\WaySpot.Infrastructure.csproj", "{A32C32CB-6009-46F2-A3F3-402A395BC5A6}"
EndProject
Project("{FAE04EC0-301F-11D3-BF4B-00C04F79EFBC}") = "WaySpot.API", "WaySpot.API\WaySpot.API.csproj", "{B9E236D4-AE1B-4D22-B207-4DAF4C67CA47}"
EndProject
Global
	GlobalSection(SolutionConfigurationPlatforms) = preSolution
		Debug|Any CPU = Debug|Any CPU
		Release|Any CPU = Release|Any CPU
	EndGlobalSection
	GlobalSection(SolutionProperties) = preSolution
		HideSolutionNode = FALSE
	EndGlobalSection
	GlobalSection(ProjectConfigurationPlatforms) = postSolution
		{5E056F8D-DB76-4B9D-AF03-20BDCE1363B9}.Debug|Any CPU.ActiveCfg = Debug|Any CPU
		{5E056F8D-DB76-4B9D-AF03-20BDCE1363B9}.Debug|Any CPU.Build.0 = Debug|Any CPU
		{5E056F8D-DB76-4B9D-AF03-20BDCE1363B9}.Release|Any CPU.ActiveCfg = Release|Any CPU
		{5E056F8D-DB76-4B9D-AF03-20BDCE1363B9}.Release|Any CPU.Build.0 = Release|Any CPU
		{A32C32CB-6009-46F2-A3F3-402A395BC5A6}.Debug|Any CPU.ActiveCfg = Debug|Any CPU
		{A32C32CB-6009-46F2-A3F3-402A395BC5A6}.Debug|Any CPU.Build.0 = Debug|Any CPU
		{A32C32CB-6009-46F2-A3F3-402A395BC5A6}.Release|Any CPU.ActiveCfg = Release|Any CPU
		{A32C32CB-6009-46F2-A3F3-402A395BC5A6}.Release|Any CPU.Build.0 = Release|Any CPU
		{B9E236D4-AE1B-4D22-B207-4DAF4C67CA47}.Debug|Any CPU.ActiveCfg = Debug|Any CPU
		{B9E236D4-AE1B-4D22-B207-4DAF4C67CA47}.Debug|Any CPU.Build.0 = Debug|Any CPU
		{B9E236D4-AE1B-4D22-B207-4DAF4C67CA47}.Release|Any CPU.ActiveCfg = Release|Any CPU
		{B9E236D4-AE1B-4D22-B207-4DAF4C67CA47}.Release|Any CPU.Build.0 = Release|Any CPU
	EndGlobalSection
EndGlobal
